
Microsoft Visual Studio Solution File, Format Version 12.00
# Visual Studio Version 17
VisualStudioVersion = 17.14.36603.0
MinimumVisualStudioVersion = 10.0.40219.1
Project("{8BC9CEB8-8B4A-11D0-8D11-00A0C91BC942}") = "Project1", "Project1\Project1.vcxproj", "{2FF3CCB3-AD82-469D-A0D3-EFC57E82C2BC}"
EndProject
Project("{8BC9CEB8-8B4A-11D0-8D11-00A0C91BC942}") = "Project2", "Project2\Project2.vcxproj", "{883C631F-5A3D-4B77-A156-3DBE19452651}"
EndProject
Project("{8BC9CEB8-8B4A-11D0-8D11-00A0C91BC942}") = "Project3", "Project3\Project3.vcxproj", "{52DF8A21-3025-408B-94F2-1A5634BC3C28}"
EndProject
Project("{8BC9CEB8-8B4A-11D0-8D11-00A0C91BC942}") = "HW3", "HW3\HW3.vcxproj", "{32458A56-E038-4D3F-8ECB-D3F32069E81E}"
EndProject
Global
	GlobalSection(SolutionConfigurationPlatforms) = preSolution
		Debug|x64 = Debug|x64
		Debug|x86 = Debug|x86
		F SCANF|x64 = F SCANF|x64
		F SCANF|x86 = F SCANF|x86
		Release|x64 = Release|x64
		Release|x86 = Release|x86
	EndGlobalSection
	GlobalSection(ProjectConfigurationPlatforms) = postSolution
		{2FF3CCB3-AD82-469D-A0D3-EFC57E82C2BC}.Debug|x64.ActiveCfg = Debug|x64
		{2FF3CCB3-AD82-469D-A0D3-EFC57E82C2BC}.Debug|x64.Build.0 = Debug|x64
		{2FF3CCB3-AD82-469D-A0D3-EFC57E82C2BC}.Debug|x86.ActiveCfg = Debug|Win32
		{2FF3CCB3-AD82-469D-A0D3-EFC57E82C2BC}.Debug|x86.Build.0 = Debug|Win32
		{2FF3CCB3-AD82-469D-A0D3-EFC57E82C2BC}.F SCANF|x64.ActiveCfg = Release|x64
		{2FF3CCB3-AD82-469D-A0D3-EFC57E82C2BC}.F SCANF|x64.Build.0 = Release|x64
		{2FF3CCB3-AD82-469D-A0D3-EFC57E82C2BC}.F SCANF|x86.ActiveCfg = F SCANF|x64
		{2FF3CCB3-AD82-469D-A0D3-EFC57E82C2BC}.Release|x64.ActiveCfg = Release|x64
		{2FF3CCB3-AD82-469D-A0D3-EFC57E82C2BC}.Release|x64.Build.0 = Release|x64
		{2FF3CCB3-AD82-469D-A0D3-EFC57E82C2BC}.Release|x86.ActiveCfg = Release|Win32
		{2FF3CCB3-AD82-469D-A0D3-EFC57E82C2BC}.Release|x86.Build.0 = Release|Win32
		{883C631F-5A3D-4B77-A156-3DBE19452651}.Debug|x64.ActiveCfg = Debug|x64
		{883C631F-5A3D-4B77-A156-3DBE19452651}.Debug|x64.Build.0 = Debug|x64
		{883C631F-5A3D-4B77-A156-3DBE19452651}.Debug|x86.ActiveCfg = Debug|Win32
		{883C631F-5A3D-4B77-A156-3DBE19452651}.Debug|x86.Build.0 = Debug|Win32
		{883C631F-5A3D-4B77-A156-3DBE19452651}.F SCANF|x64.ActiveCfg = Debug|x64
		{883C631F-5A3D-4B77-A156-3DBE19452651}.F SCANF|x64.Build.0 = Debug|x64
		{883C631F-5A3D-4B77-A156-3DBE19452651}.F SCANF|x86.ActiveCfg = Debug|Win32
		{883C631F-5A3D-4B77-A156-3DBE19452651}.F SCANF|x86.Build.0 = Debug|Win32
		{883C631F-5A3D-4B77-A156-3DBE19452651}.Release|x64.ActiveCfg = Release|x64
		{883C631F-5A3D-4B77-A156-3DBE19452651}.Release|x64.Build.0 = Release|x64
		{883C631F-5A3D-4B77-A156-3DBE19452651}.Release|x86.ActiveCfg = Release|Win32
		{883C631F-5A3D-4B77-A156-3DBE19452651}.Release|x86.Build.0 = Release|Win32
		{52DF8A21-3025-408B-94F2-1A5634BC3C28}.Debug|x64.ActiveCfg = Debug|x64
		{52DF8A21-3025-408B-94F2-1A5634BC3C28}.Debug|x64.Build.0 = Debug|x64
		{52DF8A21-3025-408B-94F2-1A5634BC3C28}.Debug|x86.ActiveCfg = Debug|Win32
		{52DF8A21-3025-408B-94F2-1A5634BC3C28}.Debug|x86.Build.0 = Debug|Win32
		{52DF8A21-3025-408B-94F2-1A5634BC3C28}.F SCANF|x64.ActiveCfg = Debug|x64
		{52DF8A21-3025-408B-94F2-1A5634BC3C28}.F SCANF|x64.Build.0 = Debug|x64
		{52DF8A21-3025-408B-94F2-1A5634BC3C28}.F SCANF|x86.ActiveCfg = Debug|Win32
		{52DF8A21-3025-408B-94F2-1A5634BC3C28}.F SCANF|x86.Build.0 = Debug|Win32
		{52DF8A21-3025-408B-94F2-1A5634BC3C28}.Release|x64.ActiveCfg = Release|x64
		{52DF8A21-3025-408B-94F2-1A5634BC3C28}.Release|x64.Build.0 = Release|x64
		{52DF8A21-3025-408B-94F2-1A5634BC3C28}.Release|x86.ActiveCfg = Release|Win32
		{52DF8A21-3025-408B-94F2-1A5634BC3C28}.Release|x86.Build.0 = Release|Win32
		{32458A56-E038-4D3F-8ECB-D3F32069E81E}.Debug|x64.ActiveCfg = Debug|x64
		{32458A56-E038-4D3F-8ECB-D3F32069E81E}.Debug|x64.Build.0 = Debug|x64
		{32458A56-E038-4D3F-8ECB-D3F32069E81E}.Debug|x86.ActiveCfg = Debug|Win32
		{32458A56-E038-4D3F-8ECB-D3F32069E81E}.Debug|x86.Build.0 = Debug|Win32
		{32458A56-E038-4D3F-8ECB-D3F32069E81E}.F SCANF|x64.ActiveCfg = Debug|x64
		{32458A56-E038-4D3F-8ECB-D3F32069E81E}.F SCANF|x64.Build.0 = Debug|x64
		{32458A56-E038-4D3F-8ECB-D3F32069E81E}.F SCANF|x86.ActiveCfg = Debug|Win32
		{32458A56-E038-4D3F-8ECB-D3F32069E81E}.F SCANF|x86.Build.0 = Debug|Win32
		{32458A56-E038-4D3F-8ECB-D3F32069E81E}.Release|x64.ActiveCfg = Release|x64
		{32458A56-E038-4D3F-8ECB-D3F32069E81E}.Release|x64.Build.0 = Release|x64
		{32458A56-E038-4D3F-8ECB-D3F32069E81E}.Release|x86.ActiveCfg = Release|Win32
		{32458A56-E038-4D3F-8ECB-D3F32069E81E}.Release|x86.Build.0 = Release|Win32
	EndGlobalSection
	GlobalSection(SolutionProperties) = preSolution
		HideSolutionNode = FALSE
	EndGlobalSection
	GlobalSection(ExtensibilityGlobals) = postSolution
		SolutionGuid = {88219BCB-2D9A-4ADE-907D-14169931D112}
	EndGlobalSection
EndGlobal
